{
  "name": "anchorloop",
  "version": "0.2.1",
  "lockfileVersion": 3,
  "requires": true,
  "packages": {
    "": {
      "name": "anchorloop",
      "version": "0.2.1",
      "license": "MIT",
      "bin": {
        "anchorloop": "npm/bin/anchorloop.js"
      },
      "engines": {
        "node": ">=18"
      }
    }
  }
}
