{
  "name": "anchorloop",
  "version": "0.1.0",
  "lockfileVersion": 3,
  "requires": true,
  "packages": {
    "": {
      "name": "anchorloop",
      "version": "0.1.0",
      "license": "MIT",
      "dependencies": {
        "anchorloop": "^0.1.0"
      },
      "bin": {
        "anchorloop": "npm/bin/anchorloop.js"
      },
      "engines": {
        "node": ">=18"
      }
    },
    "node_modules/anchorloop": {
      "version": "0.1.0",
      "resolved": "https://registry.npmjs.org/anchorloop/-/anchorloop-0.1.0.tgz",
      "integrity": "sha512-M1r6BXnmzKuyUdHRH3loUJBhX/llCRwltt7V6ydVy5NkLYnNYJzTblxf+f9MsHPK9DfPIGK5W0QuaXX3LKfy+w==",
      "license": "MIT",
      "bin": {
        "anchorloop": "npm/bin/anchorloop.js"
      },
      "engines": {
        "node": ">=18"
      }
    }
  }
}
